// !$*UTF8*$!
{
	archiveVersion = 1;
	classes = {
	};
	objectVersion = 50;
	objects = {

/* Begin PBXBuildFile section */
		208439F421FED80100D72AD0 /* AppDelegate.m in Sources */ = {isa = PBXBuildFile; fileRef = 208439F321FED80100D72AD0 /* AppDelegate.m */; };
		208439F721FED80100D72AD0 /* ViewController.m in Sources */ = {isa = PBXBuildFile; fileRef = 208439F621FED80100D72AD0 /* ViewController.m */; };
		208439FA21FED80100D72AD0 /* Main.storyboard in Resources */ = {isa = PBXBuildFile; fileRef = 208439F821FED80100D72AD0 /* Main.storyboard */; };
		208439FC21FED80200D72AD0 /* Assets.xcassets in Resources */ = {isa = PBXBuildFile; fileRef = 208439FB21FED80200D72AD0 /* Assets.xcassets */; };
		208439FF21FED80200D72AD0 /* LaunchScreen.storyboard in Resources */ = {isa = PBXBuildFile; fileRef = 208439FD21FED80200D72AD0 /* LaunchScreen.storyboard */; };
		20843A0221FED80200D72AD0 /* main.m in Sources */ = {isa = PBXBuildFile; fileRef = 20843A0121FED80200D72AD0 /* main.m */; };
		AC824DDB10AA4EFEA7168408 /* libPods-Yelena-Demo.a in Frameworks */ = {isa = PBXBuildFile; fileRef = 5579BD22E175F192AE2E92BA /* libPods-Yelena-Demo.a */; };
/* End PBXBuildFile section */

/* Begin PBXFileReference section */
		0EC1C5182BF3D0428FDD2992 /* Pods-Yelena-Demo.debug.xcconfig */ = {isa = PBXFileReference; includeInIndex = 1; lastKnownFileType = text.xcconfig; name = "Pods-Yelena-Demo.debug.xcconfig"; path = "Pods/Target Support Files/Pods-Yelena-Demo/Pods-Yelena-Demo.debug.xcconfig"; sourceTree = "<group>"; };
		208439EF21FED80100D72AD0 /* Yelena-Demo.app */ = {isa = PBXFileReference; explicitFileType = wrapper.application; includeInIndex = 0; path = "Yelena-Demo.app"; sourceTree = BUILT_PRODUCTS_DIR; };
		208439F221FED80100D72AD0 /* AppDelegate.h */ = {isa = PBXFileReference; lastKnownFileType = sourcecode.c.h; path = AppDelegate.h; sourceTree = "<group>"; };
		208439F321FED80100D72AD0 /* AppDelegate.m */ = {isa = PBXFileReference; lastKnownFileType = sourcecode.c.objc; path = AppDelegate.m; sourceTree = "<group>"; };
		208439F521FED80100D72AD0 /* ViewController.h */ = {isa = PBXFileReference; lastKnownFileType = sourcecode.c.h; path = ViewController.h; sourceTree = "<group>"; };
		208439F621FED80100D72AD0 /* ViewController.m */ = {isa = PBXFileReference; lastKnownFileType = sourcecode.c.objc; path = ViewController.m; sourceTree = "<group>"; };
		208439F921FED80100D72AD0 /* Base */ = {isa = PBXFileReference; lastKnownFileType = file.storyboard; name = Base; path = Base.lproj/Main.storyboard; sourceTree = "<group>"; };
		208439FB21FED80200D72AD0 /* Assets.xcassets */ = {isa = PBXFileReference; lastKnownFileType = folder.assetcatalog; path = Assets.xcassets; sourceTree = "<group>"; };
		208439FE21FED80200D72AD0 /* Base */ = {isa = PBXFileReference; lastKnownFileType = file.storyboard; name = Base; path = Base.lproj/LaunchScreen.storyboard; sourceTree = "<group>"; };
		20843A0021FED80200D72AD0 /* Info.plist */ = {isa = PBXFileReference; lastKnownFileType = text.plist.xml; path = Info.plist; sourceTree = "<group>"; };
		20843A0121FED80200D72AD0 /* main.m */ = {isa = PBXFileReference; lastKnownFileType = sourcecode.c.objc; path = main.m; sourceTree = "<group>"; };
		4311BF5D95BEE1D860563FAB /* Pods-Yelena-Demo.release.xcconfig */ = {isa = PBXFileReference; includeInIndex = 1; lastKnownFileType = text.xcconfig; name = "Pods-Yelena-Demo.release.xcconfig"; path = "Pods/Target Support Files/Pods-Yelena-Demo/Pods-Yelena-Demo.release.xcconfig"; sourceTree = "<group>"; };
		5579BD22E175F192AE2E92BA /* libPods-Yelena-Demo.a */ = {isa = PBXFileReference; explicitFileType = archive.ar; includeInIndex = 0; path = "libPods-Yelena-Demo.a"; sourceTree = BUILT_PRODUCTS_DIR; };
/* End PBXFileReference section */

/* Begin PBXFrameworksBuildPhase section */
		208439EC21FED80100D72AD0 /* Frameworks */ = {
			isa = PBXFrameworksBuildPhase;
			buildActionMask = 2147483647;
			files = (
				AC824DDB10AA4EFEA7168408 /* libPods-Yelena-Demo.a in Frameworks */,
			);
			runOnlyForDeploymentPostprocessing = 0;
		};
/* End PBXFrameworksBuildPhase section */

/* Begin PBXGroup section */
		208439E621FED80100D72AD0 = {
			isa = PBXGroup;
			children = (
				208439F121FED80100D72AD0 /* Yelena-Demo */,
				208439F021FED80100D72AD0 /* Products */,
				BA09F9AAFDEB4375A974475D /* Pods */,
				E1248A4A57BBB8D8326750FA /* Frameworks */,
			);
			sourceTree = "<group>";
		};
		208439F021FED80100D72AD0 /* Products */ = {
			isa = PBXGroup;
			children = (
				208439EF21FED80100D72AD0 /* Yelena-Demo.app */,
			);
			name = Products;
			sourceTree = "<group>";
		};
		208439F121FED80100D72AD0 /* Yelena-Demo */ = {
			isa = PBXGroup;
			children = (
				208439F221FED80100D72AD0 /* AppDelegate.h */,
				208439F321FED80100D72AD0 /* AppDelegate.m */,
				208439F521FED80100D72AD0 /* ViewController.h */,
				208439F621FED80100D72AD0 /* ViewController.m */,
				208439F821FED80100D72AD0 /* Main.storyboard */,
				208439FB21FED80200D72AD0 /* Assets.xcassets */,
				208439FD21FED80200D72AD0 /* LaunchScreen.storyboard */,
				20843A0021FED80200D72AD0 /* Info.plist */,
				20843A0121FED80200D72AD0 /* main.m */,
			);
			path = "Yelena-Demo";
			sourceTree = "<group>";
		};
		BA09F9AAFDEB4375A974475D /* Pods */ = {
			isa = PBXGroup;
			children = (
				0EC1C5182BF3D0428FDD2992 /* Pods-Yelena-Demo.debug.xcconfig */,
				4311BF5D95BEE1D860563FAB /* Pods-Yelena-Demo.release.xcconfig */,
			);
			name = Pods;
			sourceTree = "<group>";
		};
		E1248A4A57BBB8D8326750FA /* Frameworks */ = {
			isa = PBXGroup;
			children = (
				5579BD22E175F192AE2E92BA /* libPods-Yelena-Demo.a */,
			);
			name = Frameworks;
			sourceTree = "<group>";
		};
/* End PBXGroup section */

/* Begin PBXNativeTarget section */
		208439EE21FED80100D72AD0 /* Yelena-Demo */ = {
			isa = PBXNativeTarget;
			buildConfigurationList = 20843A0521FED80200D72AD0 /* Build configuration list for PBXNativeTarget "Yelena-Demo" */;
			buildPhases = (
				8944F2C6DCA22521E3DD1503 /* [CP] Check Pods Manifest.lock */,
				208439EB21FED80100D72AD0 /* Sources */,
				208439EC21FED80100D72AD0 /* Frameworks */,
				208439ED21FED80100D72AD0 /* Resources */,
			);
			buildRules = (
			);
			dependencies = (
			);
			name = "Yelena-Demo";
			productName = "Yelena-Demo";
			productReference = 208439EF21FED80100D72AD0 /* Yelena-Demo.app */;
			productType = "com.apple.product-type.application";
		};
/* End PBXNativeTarget section */

/* Begin PBXProject section */
		208439E721FED80100D72AD0 /* Project object */ = {
			isa = PBXProject;
			attributes = {
				LastUpgradeCheck = 1010;
				ORGANIZATIONNAME = sino;
				TargetAttributes = {
					208439EE21FED80100D72AD0 = {
						CreatedOnToolsVersion = 10.1;
					};
				};
			};
			buildConfigurationList = 208439EA21FED80100D72AD0 /* Build configuration list for PBXProject "Yelena-Demo" */;
			compatibilityVersion = "Xcode 9.3";
			developmentRegion = en;
			hasScannedForEncodings = 0;
			knownRegions = (
				en,
				Base,
			);
			mainGroup = 208439E621FED80100D72AD0;
			productRefGroup = 208439F021FED80100D72AD0 /* Products */;
			projectDirPath = "";
			projectRoot = "";
			targets = (
				208439EE21FED80100D72AD0 /* Yelena-Demo */,
			);
		};
/* End PBXProject section */

/* Begin PBXResourcesBuildPhase section */
		208439ED21FED80100D72AD0 /* Resources */ = {
			isa = PBXResourcesBuildPhase;
			buildActionMask = 2147483647;
			files = (
				208439FF21FED80200D72AD0 /* LaunchScreen.storyboard in Resources */,
				208439FC21FED80200D72AD0 /* Assets.xcassets in Resources */,
				208439FA21FED80100D72AD0 /* Main.storyboard in Resources */,
			);
			runOnlyForDeploymentPostprocessing = 0;
		};
/* End PBXResourcesBuildPhase section */

/* Begin PBXShellScriptBuildPhase section */
		8944F2C6DCA22521E3DD1503 /* [CP] Check Pods Manifest.lock */ = {
			isa = PBXShellScriptBuildPhase;
			buildActionMask = 2147483647;
			files = (
			);
			inputFileListPaths = (
			);
			inputPaths = (
				"${PODS_PODFILE_DIR_PATH}/Podfile.lock",
				"${PODS_ROOT}/Manifest.lock",
			);
			name = "[CP] Check Pods Manifest.lock";
			outputFileListPaths = (
			);
			outputPaths = (
				"$(DERIVED_FILE_DIR)/Pods-Yelena-Demo-checkManifestLockResult.txt",
			);
			runOnlyForDeploymentPostprocessing = 0;
			shellPath = /bin/sh;
			shellScript = "diff \"${PODS_PODFILE_DIR_PATH}/Podfile.lock\" \"${PODS_ROOT}/Manifest.lock\" > /dev/null\nif [ $? != 0 ] ; then\n    # print error to STDERR\n    echo \"error: The sandbox is not in sync with the Podfile.lock. Run 'pod install' or update your CocoaPods installation.\" >&2\n    exit 1\nfi\n# This output is used by Xcode 'outputs' to avoid re-running this script phase.\necho \"SUCCESS\" > \"${SCRIPT_OUTPUT_FILE_0}\"\n";
			showEnvVarsInLog = 0;
		};
/* End PBXShellScriptBuildPhase section */

/* Begin PBXSourcesBuildPhase section */
		208439EB21FED80100D72AD0 /* Sources */ = {
			isa = PBXSourcesBuildPhase;
			buildActionMask = 2147483647;
			files = (
				208439F721FED80100D72AD0 /* ViewController.m in Sources */,
				20843A0221FED80200D72AD0 /* main.m in Sources */,
				208439F421FED80100D72AD0 /* AppDelegate.m in Sources */,
			);
			runOnlyForDeploymentPostprocessing = 0;
		};
/* End PBXSourcesBuildPhase section */

/* Begin PBXVariantGroup section */
		208439F821FED80100D72AD0 /* Main.storyboard */ = {
			isa = PBXVariantGroup;
			children = (
				208439F921FED80100D72AD0 /* Base */,
			);
			name = Main.storyboard;
			sourceTree = "<group>";
		};
		208439FD21FED80200D72AD0 /* LaunchScreen.storyboard */ = {
			isa = PBXVariantGroup;
			children = (
				208439FE21FED80200D72AD0 /* Base */,
			);
			name = LaunchScreen.storyboard;
			sourceTree = "<group>";
		};
/* End PBXVariantGroup section */

/* Begin XCBuildConfiguration section */
		20843A0321FED80200D72AD0 /* Debug */ = {
			isa = XCBuildConfiguration;
			buildSettings = {
				ALWAYS_SEARCH_USER_PATHS = NO;
				CLANG_ANALYZER_NONNULL = YES;
				CLANG_ANALYZER_NUMBER_OBJECT_CONVERSION = YES_AGGRESSIVE;
				CLANG_CXX_LANGUAGE_STANDARD = "gnu++14";
				CLANG_CXX_LIBRARY = "libc++";
				CLANG_ENABLE_MODULES = YES;
				CLANG_ENABLE_OBJC_ARC = YES;
				CLANG_ENABLE_OBJC_WEAK = YES;
				CLANG_WARN_BLOCK_CAPTURE_AUTORELEASING = YES;
				CLANG_WARN_BOOL_CONVERSION = YES;
				CLANG_WARN_COMMA = YES;
				CLANG_WARN_CONSTANT_CONVERSION = YES;
				CLANG_WARN_DEPRECATED_OBJC_IMPLEMENTATIONS = YES;
				CLANG_WARN_DIRECT_OBJC_ISA_USAGE = YES_ERROR;
				CLANG_WARN_DOCUMENTATION_COMMENTS = YES;
				CLANG_WARN_EMPTY_BODY = YES;
				CLANG_WARN_ENUM_CONVERSION = YES;
				CLANG_WARN_INFINITE_RECURSION = YES;
				CLANG_WARN_INT_CONVERSION = YES;
				CLANG_WARN_NON_LITERAL_NULL_CONVERSION = YES;
				CLANG_WARN_OBJC_IMPLICIT_RETAIN_SELF = YES;
				CLANG_WARN_OBJC_LITERAL_CONVERSION = YES;
				CLANG_WARN_OBJC_ROOT_CLASS = YES_ERROR;
				CLANG_WARN_RANGE_LOOP_ANALYSIS = YES;
				CLANG_WARN_STRICT_PROTOTYPES = YES;
				CLANG_WARN_SUSPICIOUS_MOVE = YES;
				CLANG_WARN_UNGUARDED_AVAILABILITY = YES_AGGRESSIVE;
				CLANG_WARN_UNREACHABLE_CODE = YES;
				CLANG_WARN__DUPLICATE_METHOD_MATCH = YES;
				CODE_SIGN_IDENTITY = "iPhone Developer";
				COPY_PHASE_STRIP = NO;
				DEBUG_INFORMATION_FORMAT = dwarf;
				ENABLE_STRICT_OBJC_MSGSEND = YES;
				ENABLE_TESTABILITY = YES;
				GCC_C_LANGUAGE_STANDARD = gnu11;
				GCC_DYNAMIC_NO_PIC = NO;
				GCC_NO_COMMON_BLOCKS = YES;
				GCC_OPTIMIZATION_LEVEL = 0;
				GCC_PREPROCESSOR_DEFINITIONS = (
					"DEBUG=1",
					"$(inherited)",
				);
				GCC_WARN_64_TO_32_BIT_CONVERSION = YES;
				GCC_WARN_ABOUT_RETURN_TYPE = YES_ERROR;
				GCC_WARN_UNDECLARED_SELECTOR = YES;
				GCC_WARN_UNINITIALIZED_AUTOS = YES_AGGRESSIVE;
				GCC_WARN_UNUSED_FUNCTION = YES;
				GCC_WARN_UNUSED_VARIABLE = YES;
				IPHONEOS_DEPLOYMENT_TARGET = 12.1;
				MTL_ENABLE_DEBUG_INFO = INCLUDE_SOURCE;
				MTL_FAST_MATH = YES;
				ONLY_ACTIVE_ARCH = YES;
				SDKROOT = iphoneos;
			};
			name = Debug;
		};
		20843A0421FED80200D72AD0 /* Release */ = {
			isa = XCBuildConfiguration;
			buildSettings = {
				ALWAYS_SEARCH_USER_PATHS = NO;
				CLANG_ANALYZER_NONNULL = YES;
				CLANG_ANALYZER_NUMBER_OBJECT_CONVERSION = YES_AGGRESSIVE;
				CLANG_CXX_LANGUAGE_STANDARD = "gnu++14";
				CLANG_CXX_LIBRARY = "libc++";
				CLANG_ENABLE_MODULES = YES;
				CLANG_ENABLE_OBJC_ARC = YES;
				CLANG_ENABLE_OBJC_WEAK = YES;
				CLANG_WARN_BLOCK_CAPTURE_AUTORELEASING = YES;
				CLANG_WARN_BOOL_CONVERSION = YES;
				CLANG_WARN_COMMA = YES;
				CLANG_WARN_CONSTANT_CONVERSION = YES;
				CLANG_WARN_DEPRECATED_OBJC_IMPLEMENTATIONS = YES;
				CLANG_WARN_DIRECT_OBJC_ISA_USAGE = YES_ERROR;
				CLANG_WARN_DOCUMENTATION_COMMENTS = YES;
				CLANG_WARN_EMPTY_BODY = YES;
				CLANG_WARN_ENUM_CONVERSION = YES;
				CLANG_WARN_INFINITE_RECURSION = YES;
				CLANG_WARN_INT_CONVERSION = YES;
				CLANG_WARN_NON_LITERAL_NULL_CONVERSION = YES;
				CLANG_WARN_OBJC_IMPLICIT_RETAIN_SELF = YES;
				CLANG_WARN_OBJC_LITERAL_CONVERSION = YES;
				CLANG_WARN_OBJC_ROOT_CLASS = YES_ERROR;
				CLANG_WARN_RANGE_LOOP_ANALYSIS = YES;
				CLANG_WARN_STRICT_PROTOTYPES = YES;
				CLANG_WARN_SUSPICIOUS_MOVE = YES;
				CLANG_WARN_UNGUARDED_AVAILABILITY = YES_AGGRESSIVE;
				CLANG_WARN_UNREACHABLE_CODE = YES;
				CLANG_WARN__DUPLICATE_METHOD_MATCH = YES;
				CODE_SIGN_IDENTITY = "iPhone Developer";
				COPY_PHASE_STRIP = NO;
				DEBUG_INFORMATION_FORMAT = "dwarf-with-dsym";
				ENABLE_NS_ASSERTIONS = NO;
				ENABLE_STRICT_OBJC_MSGSEND = YES;
				GCC_C_LANGUAGE_STANDARD = gnu11;
				GCC_NO_COMMON_BLOCKS = YES;
				GCC_WARN_64_TO_32_BIT_CONVERSION = YES;
				GCC_WARN_ABOUT_RETURN_TYPE = YES_ERROR;
				GCC_WARN_UNDECLARED_SELECTOR = YES;
				GCC_WARN_UNINITIALIZED_AUTOS = YES_AGGRESSIVE;
				GCC_WARN_UNUSED_FUNCTION = YES;
				GCC_WARN_UNUSED_VARIABLE = YES;
				IPHONEOS_DEPLOYMENT_TARGET = 12.1;
				MTL_ENABLE_DEBUG_INFO = NO;
				MTL_FAST_MATH = YES;
				SDKROOT = iphoneos;
				VALIDATE_PRODUCT = YES;
			};
			name = Release;
		};
		20843A0621FED80200D72AD0 /* Debug */ = {
			isa = XCBuildConfiguration;
			baseConfigurationReference = 0EC1C5182BF3D0428FDD2992 /* Pods-Yelena-Demo.debug.xcconfig */;
			buildSettings = {
				ASSETCATALOG_COMPILER_APPICON_NAME = AppIcon;
				CODE_SIGN_STYLE = Automatic;
				DEVELOPMENT_TEAM = DSY63FPDVJ;
				INFOPLIST_FILE = "Yelena-Demo/Info.plist";
				IPHONEOS_DEPLOYMENT_TARGET = 9.0;
				LD_RUNPATH_SEARCH_PATHS = (
					"$(inherited)",
					"@executable_path/Frameworks",
				);
				PRODUCT_BUNDLE_IDENTIFIER = "com.lemontech.Yelena-Demo";
				PRODUCT_NAME = "$(TARGET_NAME)";
				TARGETED_DEVICE_FAMILY = "1,2";
			};
			name = Debug;
		};
		20843A0721FED80200D72AD0 /* Release */ = {
			isa = XCBuildConfiguration;
			baseConfigurationReference = 4311BF5D95BEE1D860563FAB /* Pods-Yelena-Demo.release.xcconfig */;
			buildSettings = {
				ASSETCATALOG_COMPILER_APPICON_NAME = AppIcon;
				CODE_SIGN_STYLE = Automatic;
				DEVELOPMENT_TEAM = DSY63FPDVJ;
				INFOPLIST_FILE = "Yelena-Demo/Info.plist";
				IPHONEOS_DEPLOYMENT_TARGET = 9.0;
				LD_RUNPATH_SEARCH_PATHS = (
					"$(inherited)",
					"@executable_path/Frameworks",
				);
				PRODUCT_BUNDLE_IDENTIFIER = "com.lemontech.Yelena-Demo";
				PRODUCT_NAME = "$(TARGET_NAME)";
				TARGETED_DEVICE_FAMILY = "1,2";
			};
			name = Release;
		};
/* End XCBuildConfiguration section */

/* Begin XCConfigurationList section */
		208439EA21FED80100D72AD0 /* Build configuration list for PBXProject "Yelena-Demo" */ = {
			isa = XCConfigurationList;
			buildConfigurations = (
				20843A0321FED80200D72AD0 /* Debug */,
				20843A0421FED80200D72AD0 /* Release */,
			);
			defaultConfigurationIsVisible = 0;
			defaultConfigurationName = Release;
		};
		20843A0521FED80200D72AD0 /* Build configuration list for PBXNativeTarget "Yelena-Demo" */ = {
			isa = XCConfigurationList;
			buildConfigurations = (
				20843A0621FED80200D72AD0 /* Debug */,
				20843A0721FED80200D72AD0 /* Release */,
			);
			defaultConfigurationIsVisible = 0;
			defaultConfigurationName = Release;
		};
/* End XCConfigurationList section */
	};
	rootObject = 208439E721FED80100D72AD0 /* Project object */;
}
